
Microsoft Visual Studio Solution File, Format Version 12.00
# Visual Studio Version 17
VisualStudioVersion = 17.0.31903.59
MinimumVisualStudioVersion = 10.0.40219.1
Project("{FAE04EC0-301F-11D3-BF4B-00C04F79EFBC}") = "BereftSouls", "BereftSouls\BereftSouls.csproj", "{031D99D1-7714-4C5E-9AEF-6893320BCBFF}"
EndProject
Project("{FAE04EC0-301F-11D3-BF4B-00C04F79EFBC}") = "FargosSotsPyramid", "FargosSotsPyramid\FargosSotsPyramid.csproj", "{2BEB69C1-6A49-4B01-AFB0-5FD181C22E24}"
EndProject
Project("{FAE04EC0-301F-11D3-BF4B-00C04F79EFBC}") = "PackBuilder", "PackBuilder\PackBuilder.csproj", "{C4E54FCE-2FE1-4414-BAC7-ED028428ADE1}"
EndProject
Project("{2150E333-8FDC-42A3-9474-1A3956D46DE8}") = "refs", "refs", "{D261F1C5-E8C4-48EA-91D3-500ABDDB4389}"
EndProject
Project("{FAE04EC0-301F-11D3-BF4B-00C04F79EFBC}") = "Fargowiltas", "refs\Fargowiltas.csproj", "{AA413EC6-4550-4B74-AE02-2C118F5E70FD}"
EndProject
Project("{FAE04EC0-301F-11D3-BF4B-00C04F79EFBC}") = "CalamityMod", "refs\CalamityMod.csproj", "{153193AD-B1DE-4C4B-BE1A-B104A24FE393}"
EndProject
Project("{FAE04EC0-301F-11D3-BF4B-00C04F79EFBC}") = "FargowiltasSouls", "refs\FargowiltasSouls.csproj", "{92DAD0D9-7228-4369-B2AD-1E1B240065EC}"
EndProject
Project("{FAE04EC0-301F-11D3-BF4B-00C04F79EFBC}") = "SOTS", "refs\SOTS.csproj", "{8F216512-C4FB-4C5C-8B90-42D8213AF783}"
EndProject
Project("{FAE04EC0-301F-11D3-BF4B-00C04F79EFBC}") = "Luminance", "refs\Luminance.csproj", "{121BB5C1-5CA2-4E91-AA4B-43043F54754B}"
EndProject
Project("{FAE04EC0-301F-11D3-BF4B-00C04F79EFBC}") = "StructureHelper", "refs\StructureHelper.csproj", "{D70B0553-E243-4BEB-924E-9E4273876585}"
EndProject
Global
	GlobalSection(SolutionConfigurationPlatforms) = preSolution
		Debug|Any CPU = Debug|Any CPU
		Release|Any CPU = Release|Any CPU
	EndGlobalSection
	GlobalSection(ProjectConfigurationPlatforms) = postSolution
		{031D99D1-7714-4C5E-9AEF-6893320BCBFF}.Debug|Any CPU.ActiveCfg = Debug|Any CPU
		{031D99D1-7714-4C5E-9AEF-6893320BCBFF}.Debug|Any CPU.Build.0 = Debug|Any CPU
		{031D99D1-7714-4C5E-9AEF-6893320BCBFF}.Release|Any CPU.ActiveCfg = Release|Any CPU
		{031D99D1-7714-4C5E-9AEF-6893320BCBFF}.Release|Any CPU.Build.0 = Release|Any CPU
		{2BEB69C1-6A49-4B01-AFB0-5FD181C22E24}.Debug|Any CPU.ActiveCfg = Debug|Any CPU
		{2BEB69C1-6A49-4B01-AFB0-5FD181C22E24}.Debug|Any CPU.Build.0 = Debug|Any CPU
		{2BEB69C1-6A49-4B01-AFB0-5FD181C22E24}.Release|Any CPU.ActiveCfg = Release|Any CPU
		{2BEB69C1-6A49-4B01-AFB0-5FD181C22E24}.Release|Any CPU.Build.0 = Release|Any CPU
		{C4E54FCE-2FE1-4414-BAC7-ED028428ADE1}.Debug|Any CPU.ActiveCfg = Debug|Any CPU
		{C4E54FCE-2FE1-4414-BAC7-ED028428ADE1}.Debug|Any CPU.Build.0 = Debug|Any CPU
		{C4E54FCE-2FE1-4414-BAC7-ED028428ADE1}.Release|Any CPU.ActiveCfg = Release|Any CPU
		{C4E54FCE-2FE1-4414-BAC7-ED028428ADE1}.Release|Any CPU.Build.0 = Release|Any CPU
		{153193AD-B1DE-4C4B-BE1A-B104A24FE393}.Debug|Any CPU.ActiveCfg = Debug|Any CPU
		{153193AD-B1DE-4C4B-BE1A-B104A24FE393}.Debug|Any CPU.Build.0 = Debug|Any CPU
		{153193AD-B1DE-4C4B-BE1A-B104A24FE393}.Release|Any CPU.ActiveCfg = Release|Any CPU
		{153193AD-B1DE-4C4B-BE1A-B104A24FE393}.Release|Any CPU.Build.0 = Release|Any CPU
		{AA413EC6-4550-4B74-AE02-2C118F5E70FD}.Debug|Any CPU.ActiveCfg = Debug|Any CPU
		{AA413EC6-4550-4B74-AE02-2C118F5E70FD}.Debug|Any CPU.Build.0 = Debug|Any CPU
		{92DAD0D9-7228-4369-B2AD-1E1B240065EC}.Debug|Any CPU.ActiveCfg = Debug|Any CPU
		{92DAD0D9-7228-4369-B2AD-1E1B240065EC}.Debug|Any CPU.Build.0 = Debug|Any CPU
		{92DAD0D9-7228-4369-B2AD-1E1B240065EC}.Release|Any CPU.ActiveCfg = Release|Any CPU
		{92DAD0D9-7228-4369-B2AD-1E1B240065EC}.Release|Any CPU.Build.0 = Release|Any CPU
		{8F216512-C4FB-4C5C-8B90-42D8213AF783}.Debug|Any CPU.ActiveCfg = Debug|Any CPU
		{8F216512-C4FB-4C5C-8B90-42D8213AF783}.Debug|Any CPU.Build.0 = Debug|Any CPU
		{8F216512-C4FB-4C5C-8B90-42D8213AF783}.Release|Any CPU.ActiveCfg = Release|Any CPU
		{8F216512-C4FB-4C5C-8B90-42D8213AF783}.Release|Any CPU.Build.0 = Release|Any CPU
		{121BB5C1-5CA2-4E91-AA4B-43043F54754B}.Debug|Any CPU.ActiveCfg = Debug|Any CPU
		{121BB5C1-5CA2-4E91-AA4B-43043F54754B}.Debug|Any CPU.Build.0 = Debug|Any CPU
		{121BB5C1-5CA2-4E91-AA4B-43043F54754B}.Release|Any CPU.ActiveCfg = Release|Any CPU
		{121BB5C1-5CA2-4E91-AA4B-43043F54754B}.Release|Any CPU.Build.0 = Release|Any CPU
		{D70B0553-E243-4BEB-924E-9E4273876585}.Debug|Any CPU.ActiveCfg = Debug|Any CPU
		{D70B0553-E243-4BEB-924E-9E4273876585}.Debug|Any CPU.Build.0 = Debug|Any CPU
		{D70B0553-E243-4BEB-924E-9E4273876585}.Release|Any CPU.ActiveCfg = Release|Any CPU
		{D70B0553-E243-4BEB-924E-9E4273876585}.Release|Any CPU.Build.0 = Release|Any CPU
	EndGlobalSection
	GlobalSection(SolutionProperties) = preSolution
		HideSolutionNode = FALSE
	EndGlobalSection
	GlobalSection(NestedProjects) = preSolution
		{AA413EC6-4550-4B74-AE02-2C118F5E70FD} = {D261F1C5-E8C4-48EA-91D3-500ABDDB4389}
		{153193AD-B1DE-4C4B-BE1A-B104A24FE393} = {D261F1C5-E8C4-48EA-91D3-500ABDDB4389}
		{92DAD0D9-7228-4369-B2AD-1E1B240065EC} = {D261F1C5-E8C4-48EA-91D3-500ABDDB4389}
		{8F216512-C4FB-4C5C-8B90-42D8213AF783} = {D261F1C5-E8C4-48EA-91D3-500ABDDB4389}
		{121BB5C1-5CA2-4E91-AA4B-43043F54754B} = {D261F1C5-E8C4-48EA-91D3-500ABDDB4389}
		{D70B0553-E243-4BEB-924E-9E4273876585} = {D261F1C5-E8C4-48EA-91D3-500ABDDB4389}
	EndGlobalSection
EndGlobal
